
Microsoft Visual Studio Solution File, Format Version 12.00
# Visual Studio Version 17
VisualStudioVersion = 17.13.35825.156 d17.13
MinimumVisualStudioVersion = 10.0.40219.1
Project("{FAE04EC0-301F-11D3-BF4B-00C04F79EFBC}") = "Calculadora_01", "Calculadora_01.csproj", "{002CF013-4140-4607-A590-B08B5EF2ED23}"
EndProject
Global
	GlobalSection(SolutionConfigurationPlatforms) = preSolution
		Debug|Any CPU = Debug|Any CPU
		Release|Any CPU = Release|Any CPU
	EndGlobalSection
	GlobalSection(ProjectConfigurationPlatforms) = postSolution
		{002CF013-4140-4607-A590-B08B5EF2ED23}.Debug|Any CPU.ActiveCfg = Debug|Any CPU
		{002CF013-4140-4607-A590-B08B5EF2ED23}.Debug|Any CPU.Build.0 = Debug|Any CPU
		{002CF013-4140-4607-A590-B08B5EF2ED23}.Release|Any CPU.ActiveCfg = Release|Any CPU
		{002CF013-4140-4607-A590-B08B5EF2ED23}.Release|Any CPU.Build.0 = Release|Any CPU
	EndGlobalSection
	GlobalSection(SolutionProperties) = preSolution
		HideSolutionNode = FALSE
	EndGlobalSection
	GlobalSection(ExtensibilityGlobals) = postSolution
		SolutionGuid = {2BA4DCDD-E007-4671-BCDA-CCD88426805D}
	EndGlobalSection
EndGlobal
